
Microsoft Visual Studio Solution File, Format Version 12.00
# Visual Studio Version 17
VisualStudioVersion = 17.5.002.0
MinimumVisualStudioVersion = 10.0.40219.1
Project("{9A19103F-16F7-4668-BE54-9A1E7A4F7556}") = "UserServiceTemplate", "UserServiceTemplate.csproj", "{EE3C4696-39DD-4A86-A825-BD6E59CA7AED}"
EndProject
Global
	GlobalSection(SolutionConfigurationPlatforms) = preSolution
		Debug|Any CPU = Debug|Any CPU
		Release|Any CPU = Release|Any CPU
	EndGlobalSection
	GlobalSection(ProjectConfigurationPlatforms) = postSolution
		{EE3C4696-39DD-4A86-A825-BD6E59CA7AED}.Debug|Any CPU.ActiveCfg = Debug|Any CPU
		{EE3C4696-39DD-4A86-A825-BD6E59CA7AED}.Debug|Any CPU.Build.0 = Debug|Any CPU
		{EE3C4696-39DD-4A86-A825-BD6E59CA7AED}.Release|Any CPU.ActiveCfg = Release|Any CPU
		{EE3C4696-39DD-4A86-A825-BD6E59CA7AED}.Release|Any CPU.Build.0 = Release|Any CPU
	EndGlobalSection
	GlobalSection(SolutionProperties) = preSolution
		HideSolutionNode = FALSE
	EndGlobalSection
	GlobalSection(ExtensibilityGlobals) = postSolution
		SolutionGuid = {EE6E1F99-0D4D-40BF-BA23-29946C0424F4}
	EndGlobalSection
EndGlobal
